
Microsoft Visual Studio Solution File, Format Version 12.00
# Visual Studio Version 16
VisualStudioVersion = 16.0.30709.132
MinimumVisualStudioVersion = 10.0.40219.1
Project("{9A19103F-16F7-4668-BE54-9A1E7A4F7556}") = "ConfidentialClientTokenCache", "ConfidentialClientTokenCache.csproj", "{1CA2754C-0ABD-40D8-A8BB-3889DF9DB467}"
EndProject
Project("{9A19103F-16F7-4668-BE54-9A1E7A4F7556}") = "Microsoft.Identity.Web", "..\..\..\gh\microsoft-identity-web\src\Microsoft.Identity.Web\Microsoft.Identity.Web.csproj", "{FD55C071-48D1-4FE8-8B1D-773E067FEC91}"
EndProject
Global
	GlobalSection(SolutionConfigurationPlatforms) = preSolution
		Debug|Any CPU = Debug|Any CPU
		Release|Any CPU = Release|Any CPU
	EndGlobalSection
	GlobalSection(ProjectConfigurationPlatforms) = postSolution
		{1CA2754C-0ABD-40D8-A8BB-3889DF9DB467}.Debug|Any CPU.ActiveCfg = Debug|Any CPU
		{1CA2754C-0ABD-40D8-A8BB-3889DF9DB467}.Debug|Any CPU.Build.0 = Debug|Any CPU
		{1CA2754C-0ABD-40D8-A8BB-3889DF9DB467}.Release|Any CPU.ActiveCfg = Release|Any CPU
		{1CA2754C-0ABD-40D8-A8BB-3889DF9DB467}.Release|Any CPU.Build.0 = Release|Any CPU
		{FD55C071-48D1-4FE8-8B1D-773E067FEC91}.Debug|Any CPU.ActiveCfg = Debug|Any CPU
		{FD55C071-48D1-4FE8-8B1D-773E067FEC91}.Debug|Any CPU.Build.0 = Debug|Any CPU
		{FD55C071-48D1-4FE8-8B1D-773E067FEC91}.Release|Any CPU.ActiveCfg = Release|Any CPU
		{FD55C071-48D1-4FE8-8B1D-773E067FEC91}.Release|Any CPU.Build.0 = Release|Any CPU
	EndGlobalSection
	GlobalSection(SolutionProperties) = preSolution
		HideSolutionNode = FALSE
	EndGlobalSection
	GlobalSection(ExtensibilityGlobals) = postSolution
		SolutionGuid = {41852FDC-62A7-47F0-82C8-9B03E388DDEC}
	EndGlobalSection
EndGlobal
